// !$*UTF8*$!
{
	archiveVersion = 1;
	classes = {
	};
	objectVersion = 77;
	objects = {

/* Begin PBXBuildFile section */
		6A172AF62D4BBF2000E221E3 /* FirebaseAuth in Frameworks */ = {isa = PBXBuildFile; productRef = 6A172AF52D4BBF2000E221E3 /* FirebaseAuth */; };
		6A172AF82D4BBF2000E221E3 /* FirebaseDatabase in Frameworks */ = {isa = PBXBuildFile; productRef = 6A172AF72D4BBF2000E221E3 /* FirebaseDatabase */; };
		6A172AFA2D4BBF2000E221E3 /* FirebaseFirestore in Frameworks */ = {isa = PBXBuildFile; productRef = 6A172AF92D4BBF2000E221E3 /* FirebaseFirestore */; };
/* End PBXBuildFile section */

/* Begin PBXContainerItemProxy section */
		6A172AD52D4BB82500E221E3 /* PBXContainerItemProxy */ = {
			isa = PBXContainerItemProxy;
			containerPortal = 6A172AB32D4BB82300E221E3 /* Project object */;
			proxyType = 1;
			remoteGlobalIDString = 6A172ABA2D4BB82300E221E3;
			remoteInfo = studentRealTimeDatabase;
		};
		6A172ADF2D4BB82500E221E3 /* PBXContainerItemProxy */ = {
			isa = PBXContainerItemProxy;
			containerPortal = 6A172AB32D4BB82300E221E3 /* Project object */;
			proxyType = 1;
			remoteGlobalIDString = 6A172ABA2D4BB82300E221E3;
			remoteInfo = studentRealTimeDatabase;
		};
/* End PBXContainerItemProxy section */

/* Begin PBXFileReference section */
		6A172ABB2D4BB82300E221E3 /* studentRealTimeDatabase.app */ = {isa = PBXFileReference; explicitFileType = wrapper.application; includeInIndex = 0; path = studentRealTimeDatabase.app; sourceTree = BUILT_PRODUCTS_DIR; };
		6A172AD42D4BB82500E221E3 /* studentRealTimeDatabaseTests.xctest */ = {isa = PBXFileReference; explicitFileType = wrapper.cfbundle; includeInIndex = 0; path = studentRealTimeDatabaseTests.xctest; sourceTree = BUILT_PRODUCTS_DIR; };
		6A172ADE2D4BB82500E221E3 /* studentRealTimeDatabaseUITests.xctest */ = {isa = PBXFileReference; explicitFileType = wrapper.cfbundle; includeInIndex = 0; path = studentRealTimeDatabaseUITests.xctest; sourceTree = BUILT_PRODUCTS_DIR; };
/* End PBXFileReference section */

/* Begin PBXFileSystemSynchronizedBuildFileExceptionSet section */
		6A172AE62D4BB82500E221E3 /* Exceptions for "studentRealTimeDatabase" folder in "studentRealTimeDatabase" target */ = {
			isa = PBXFileSystemSynchronizedBuildFileExceptionSet;
			membershipExceptions = (
				Info.plist,
			);
			target = 6A172ABA2D4BB82300E221E3 /* studentRealTimeDatabase */;
		};
/* End PBXFileSystemSynchronizedBuildFileExceptionSet section */

/* Begin PBXFileSystemSynchronizedRootGroup section */
		6A172ABD2D4BB82300E221E3 /* studentRealTimeDatabase */ = {
			isa = PBXFileSystemSynchronizedRootGroup;
			exceptions = (
				6A172AE62D4BB82500E221E3 /* Exceptions for "studentRealTimeDatabase" folder in "studentRealTimeDatabase" target */,
			);
			path = studentRealTimeDatabase;
			sourceTree = "<group>";
		};
		6A172AD72D4BB82500E221E3 /* studentRealTimeDatabaseTests */ = {
			isa = PBXFileSystemSynchronizedRootGroup;
			path = studentRealTimeDatabaseTests;
			sourceTree = "<group>";
		};
		6A172AE12D4BB82500E221E3 /* studentRealTimeDatabaseUITests */ = {
			isa = PBXFileSystemSynchronizedRootGroup;
			path = studentRealTimeDatabaseUITests;
			sourceTree = "<group>";
		};
/* End PBXFileSystemSynchronizedRootGroup section */

/* Begin PBXFrameworksBuildPhase section */
		6A172AB82D4BB82300E221E3 /* Frameworks */ = {
			isa = PBXFrameworksBuildPhase;
			buildActionMask = 2147483647;
			files = (
				6A172AF82D4BBF2000E221E3 /* FirebaseDatabase in Frameworks */,
				6A172AF62D4BBF2000E221E3 /* FirebaseAuth in Frameworks */,
				6A172AFA2D4BBF2000E221E3 /* FirebaseFirestore in Frameworks */,
			);
			runOnlyForDeploymentPostprocessing = 0;
		};
		6A172AD12D4BB82500E221E3 /* Frameworks */ = {
			isa = PBXFrameworksBuildPhase;
			buildActionMask = 2147483647;
			files = (
			);
			runOnlyForDeploymentPostprocessing = 0;
		};
		6A172ADB2D4BB82500E221E3 /* Frameworks */ = {
			isa = PBXFrameworksBuildPhase;
			buildActionMask = 2147483647;
			files = (
			);
			runOnlyForDeploymentPostprocessing = 0;
		};
/* End PBXFrameworksBuildPhase section */

/* Begin PBXGroup section */
		6A172AB22D4BB82300E221E3 = {
			isa = PBXGroup;
			children = (
				6A172ABD2D4BB82300E221E3 /* studentRealTimeDatabase */,
				6A172AD72D4BB82500E221E3 /* studentRealTimeDatabaseTests */,
				6A172AE12D4BB82500E221E3 /* studentRealTimeDatabaseUITests */,
				6A172ABC2D4BB82300E221E3 /* Products */,
			);
			sourceTree = "<group>";
		};
		6A172ABC2D4BB82300E221E3 /* Products */ = {
			isa = PBXGroup;
			children = (
				6A172ABB2D4BB82300E221E3 /* studentRealTimeDatabase.app */,
				6A172AD42D4BB82500E221E3 /* studentRealTimeDatabaseTests.xctest */,
				6A172ADE2D4BB82500E221E3 /* studentRealTimeDatabaseUITests.xctest */,
			);
			name = Products;
			sourceTree = "<group>";
		};
/* End PBXGroup section */

/* Begin PBXNativeTarget section */
		6A172ABA2D4BB82300E221E3 /* studentRealTimeDatabase */ = {
			isa = PBXNativeTarget;
			buildConfigurationList = 6A172AE72D4BB82500E221E3 /* Build configuration list for PBXNativeTarget "studentRealTimeDatabase" */;
			buildPhases = (
				6A172AB72D4BB82300E221E3 /* Sources */,
				6A172AB82D4BB82300E221E3 /* Frameworks */,
				6A172AB92D4BB82300E221E3 /* Resources */,
			);
			buildRules = (
			);
			dependencies = (
			);
			fileSystemSynchronizedGroups = (
				6A172ABD2D4BB82300E221E3 /* studentRealTimeDatabase */,
			);
			name = studentRealTimeDatabase;
			packageProductDependencies = (
				6A172AF52D4BBF2000E221E3 /* FirebaseAuth */,
				6A172AF72D4BBF2000E221E3 /* FirebaseDatabase */,
				6A172AF92D4BBF2000E221E3 /* FirebaseFirestore */,
			);
			productName = studentRealTimeDatabase;
			productReference = 6A172ABB2D4BB82300E221E3 /* studentRealTimeDatabase.app */;
			productType = "com.apple.product-type.application";
		};
		6A172AD32D4BB82500E221E3 /* studentRealTimeDatabaseTests */ = {
			isa = PBXNativeTarget;
			buildConfigurationList = 6A172AEC2D4BB82500E221E3 /* Build configuration list for PBXNativeTarget "studentRealTimeDatabaseTests" */;
			buildPhases = (
				6A172AD02D4BB82500E221E3 /* Sources */,
				6A172AD12D4BB82500E221E3 /* Frameworks */,
				6A172AD22D4BB82500E221E3 /* Resources */,
			);
			buildRules = (
			);
			dependencies = (
				6A172AD62D4BB82500E221E3 /* PBXTargetDependency */,
			);
			fileSystemSynchronizedGroups = (
				6A172AD72D4BB82500E221E3 /* studentRealTimeDatabaseTests */,
			);
			name = studentRealTimeDatabaseTests;
			packageProductDependencies = (
			);
			productName = studentRealTimeDatabaseTests;
			productReference = 6A172AD42D4BB82500E221E3 /* studentRealTimeDatabaseTests.xctest */;
			productType = "com.apple.product-type.bundle.unit-test";
		};
		6A172ADD2D4BB82500E221E3 /* studentRealTimeDatabaseUITests */ = {
			isa = PBXNativeTarget;
			buildConfigurationList = 6A172AEF2D4BB82500E221E3 /* Build configuration list for PBXNativeTarget "studentRealTimeDatabaseUITests" */;
			buildPhases = (
				6A172ADA2D4BB82500E221E3 /* Sources */,
				6A172ADB2D4BB82500E221E3 /* Frameworks */,
				6A172ADC2D4BB82500E221E3 /* Resources */,
			);
			buildRules = (
			);
			dependencies = (
				6A172AE02D4BB82500E221E3 /* PBXTargetDependency */,
			);
			fileSystemSynchronizedGroups = (
				6A172AE12D4BB82500E221E3 /* studentRealTimeDatabaseUITests */,
			);
			name = studentRealTimeDatabaseUITests;
			packageProductDependencies = (
			);
			productName = studentRealTimeDatabaseUITests;
			productReference = 6A172ADE2D4BB82500E221E3 /* studentRealTimeDatabaseUITests.xctest */;
			productType = "com.apple.product-type.bundle.ui-testing";
		};
/* End PBXNativeTarget section */

/* Begin PBXProject section */
		6A172AB32D4BB82300E221E3 /* Project object */ = {
			isa = PBXProject;
			attributes = {
				BuildIndependentTargetsInParallel = 1;
				LastSwiftUpdateCheck = 1620;
				LastUpgradeCheck = 1620;
				TargetAttributes = {
					6A172ABA2D4BB82300E221E3 = {
						CreatedOnToolsVersion = 16.2;
					};
					6A172AD32D4BB82500E221E3 = {
						CreatedOnToolsVersion = 16.2;
						TestTargetID = 6A172ABA2D4BB82300E221E3;
					};
					6A172ADD2D4BB82500E221E3 = {
						CreatedOnToolsVersion = 16.2;
						TestTargetID = 6A172ABA2D4BB82300E221E3;
					};
				};
			};
			buildConfigurationList = 6A172AB62D4BB82300E221E3 /* Build configuration list for PBXProject "studentRealTimeDatabase" */;
			developmentRegion = en;
			hasScannedForEncodings = 0;
			knownRegions = (
				en,
				Base,
			);
			mainGroup = 6A172AB22D4BB82300E221E3;
			minimizedProjectReferenceProxies = 1;
			packageReferences = (
				6A172AF42D4BBF2000E221E3 /* XCRemoteSwiftPackageReference "firebase-ios-sdk" */,
			);
			preferredProjectObjectVersion = 77;
			productRefGroup = 6A172ABC2D4BB82300E221E3 /* Products */;
			projectDirPath = "";
			projectRoot = "";
			targets = (
				6A172ABA2D4BB82300E221E3 /* studentRealTimeDatabase */,
				6A172AD32D4BB82500E221E3 /* studentRealTimeDatabaseTests */,
				6A172ADD2D4BB82500E221E3 /* studentRealTimeDatabaseUITests */,
			);
		};
/* End PBXProject section */

/* Begin PBXResourcesBuildPhase section */
		6A172AB92D4BB82300E221E3 /* Resources */ = {
			isa = PBXResourcesBuildPhase;
			buildActionMask = 2147483647;
			files = (
			);
			runOnlyForDeploymentPostprocessing = 0;
		};
		6A172AD22D4BB82500E221E3 /* Resources */ = {
			isa = PBXResourcesBuildPhase;
			buildActionMask = 2147483647;
			files = (
			);
			runOnlyForDeploymentPostprocessing = 0;
		};
		6A172ADC2D4BB82500E221E3 /* Resources */ = {
			isa = PBXResourcesBuildPhase;
			buildActionMask = 2147483647;
			files = (
			);
			runOnlyForDeploymentPostprocessing = 0;
		};
/* End PBXResourcesBuildPhase section */

/* Begin PBXSourcesBuildPhase section */
		6A172AB72D4BB82300E221E3 /* Sources */ = {
			isa = PBXSourcesBuildPhase;
			buildActionMask = 2147483647;
			files = (
			);
			runOnlyForDeploymentPostprocessing = 0;
		};
		6A172AD02D4BB82500E221E3 /* Sources */ = {
			isa = PBXSourcesBuildPhase;
			buildActionMask = 2147483647;
			files = (
			);
			runOnlyForDeploymentPostprocessing = 0;
		};
		6A172ADA2D4BB82500E221E3 /* Sources */ = {
			isa = PBXSourcesBuildPhase;
			buildActionMask = 2147483647;
			files = (
			);
			runOnlyForDeploymentPostprocessing = 0;
		};
/* End PBXSourcesBuildPhase section */

/* Begin PBXTargetDependency section */
		6A172AD62D4BB82500E221E3 /* PBXTargetDependency */ = {
			isa = PBXTargetDependency;
			target = 6A172ABA2D4BB82300E221E3 /* studentRealTimeDatabase */;
			targetProxy = 6A172AD52D4BB82500E221E3 /* PBXContainerItemProxy */;
		};
		6A172AE02D4BB82500E221E3 /* PBXTargetDependency */ = {
			isa = PBXTargetDependency;
			target = 6A172ABA2D4BB82300E221E3 /* studentRealTimeDatabase */;
			targetProxy = 6A172ADF2D4BB82500E221E3 /* PBXContainerItemProxy */;
		};
/* End PBXTargetDependency section */

/* Begin XCBuildConfiguration section */
		6A172AE82D4BB82500E221E3 /* Debug */ = {
			isa = XCBuildConfiguration;
			buildSettings = {
				ASSETCATALOG_COMPILER_APPICON_NAME = AppIcon;
				ASSETCATALOG_COMPILER_GLOBAL_ACCENT_COLOR_NAME = AccentColor;
				CODE_SIGN_STYLE = Automatic;
				CURRENT_PROJECT_VERSION = 1;
				GENERATE_INFOPLIST_FILE = YES;
				INFOPLIST_FILE = studentRealTimeDatabase/Info.plist;
				INFOPLIST_KEY_UIApplicationSupportsIndirectInputEvents = YES;
				INFOPLIST_KEY_UILaunchStoryboardName = LaunchScreen;
				INFOPLIST_KEY_UIMainStoryboardFile = Main;
				INFOPLIST_KEY_UISupportedInterfaceOrientations_iPad = "UIInterfaceOrientationPortrait UIInterfaceOrientationPortraitUpsideDown UIInterfaceOrientationLandscapeLeft UIInterfaceOrientationLandscapeRight";
				INFOPLIST_KEY_UISupportedInterfaceOrientations_iPhone = "UIInterfaceOrientationPortrait UIInterfaceOrientationLandscapeLeft UIInterfaceOrientationLandscapeRight";
				LD_RUNPATH_SEARCH_PATHS = (
					"$(inherited)",
					"@executable_path/Frameworks",
				);
				MARKETING_VERSION = 1.0;
				PRODUCT_BUNDLE_IDENTIFIER = clc.studentRealTimeDatabaseGariepy;
				PRODUCT_NAME = "$(TARGET_NAME)";
				SWIFT_EMIT_LOC_STRINGS = YES;
				SWIFT_VERSION = 5.0;
				TARGETED_DEVICE_FAMILY = "1,2";
			};
			name = Debug;
		};
		6A172AE92D4BB82500E221E3 /* Release */ = {
			isa = XCBuildConfiguration;
			buildSettings = {
				ASSETCATALOG_COMPILER_APPICON_NAME = AppIcon;
				ASSETCATALOG_COMPILER_GLOBAL_ACCENT_COLOR_NAME = AccentColor;
				CODE_SIGN_STYLE = Automatic;
				CURRENT_PROJECT_VERSION = 1;
				GENERATE_INFOPLIST_FILE = YES;
				INFOPLIST_FILE = studentRealTimeDatabase/Info.plist;
				INFOPLIST_KEY_UIApplicationSupportsIndirectInputEvents = YES;
				INFOPLIST_KEY_UILaunchStoryboardName = LaunchScreen;
				INFOPLIST_KEY_UIMainStoryboardFile = Main;
				INFOPLIST_KEY_UISupportedInterfaceOrientations_iPad = "UIInterfaceOrientationPortrait UIInterfaceOrientationPortraitUpsideDown UIInterfaceOrientationLandscapeLeft UIInterfaceOrientationLandscapeRight";
				INFOPLIST_KEY_UISupportedInterfaceOrientations_iPhone = "UIInterfaceOrientationPortrait UIInterfaceOrientationLandscapeLeft UIInterfaceOrientationLandscapeRight";
				LD_RUNPATH_SEARCH_PATHS = (
					"$(inherited)",
					"@executable_path/Frameworks",
				);
				MARKETING_VERSION = 1.0;
				PRODUCT_BUNDLE_IDENTIFIER = clc.studentRealTimeDatabaseGariepy;
				PRODUCT_NAME = "$(TARGET_NAME)";
				SWIFT_EMIT_LOC_STRINGS = YES;
				SWIFT_VERSION = 5.0;
				TARGETED_DEVICE_FAMILY = "1,2";
			};
			name = Release;
		};
		6A172AEA2D4BB82500E221E3 /* Debug */ = {
			isa = XCBuildConfiguration;
			buildSettings = {
				ALWAYS_SEARCH_USER_PATHS = NO;
				ASSETCATALOG_COMPILER_GENERATE_SWIFT_ASSET_SYMBOL_EXTENSIONS = YES;
				CLANG_ANALYZER_NONNULL = YES;
				CLANG_ANALYZER_NUMBER_OBJECT_CONVERSION = YES_AGGRESSIVE;
				CLANG_CXX_LANGUAGE_STANDARD = "gnu++20";
				CLANG_ENABLE_MODULES = YES;
				CLANG_ENABLE_OBJC_ARC = YES;
				CLANG_ENABLE_OBJC_WEAK = YES;
				CLANG_WARN_BLOCK_CAPTURE_AUTORELEASING = YES;
				CLANG_WARN_BOOL_CONVERSION = YES;
				CLANG_WARN_COMMA = YES;
				CLANG_WARN_CONSTANT_CONVERSION = YES;
				CLANG_WARN_DEPRECATED_OBJC_IMPLEMENTATIONS = YES;
				CLANG_WARN_DIRECT_OBJC_ISA_USAGE = YES_ERROR;
				CLANG_WARN_DOCUMENTATION_COMMENTS = YES;
				CLANG_WARN_EMPTY_BODY = YES;
				CLANG_WARN_ENUM_CONVERSION = YES;
				CLANG_WARN_INFINITE_RECURSION = YES;
				CLANG_WARN_INT_CONVERSION = YES;
				CLANG_WARN_NON_LITERAL_NULL_CONVERSION = YES;
				CLANG_WARN_OBJC_IMPLICIT_RETAIN_SELF = YES;
				CLANG_WARN_OBJC_LITERAL_CONVERSION = YES;
				CLANG_WARN_OBJC_ROOT_CLASS = YES_ERROR;
				CLANG_WARN_QUOTED_INCLUDE_IN_FRAMEWORK_HEADER = YES;
				CLANG_WARN_RANGE_LOOP_ANALYSIS = YES;
				CLANG_WARN_STRICT_PROTOTYPES = YES;
				CLANG_WARN_SUSPICIOUS_MOVE = YES;
				CLANG_WARN_UNGUARDED_AVAILABILITY = YES_AGGRESSIVE;
				CLANG_WARN_UNREACHABLE_CODE = YES;
				CLANG_WARN__DUPLICATE_METHOD_MATCH = YES;
				COPY_PHASE_STRIP = NO;
				DEBUG_INFORMATION_FORMAT = dwarf;
				ENABLE_STRICT_OBJC_MSGSEND = YES;
				ENABLE_TESTABILITY = YES;
				ENABLE_USER_SCRIPT_SANDBOXING = YES;
				GCC_C_LANGUAGE_STANDARD = gnu17;
				GCC_DYNAMIC_NO_PIC = NO;
				GCC_NO_COMMON_BLOCKS = YES;
				GCC_OPTIMIZATION_LEVEL = 0;
				GCC_PREPROCESSOR_DEFINITIONS = (
					"DEBUG=1",
					"$(inherited)",
				);
				GCC_WARN_64_TO_32_BIT_CONVERSION = YES;
				GCC_WARN_ABOUT_RETURN_TYPE = YES_ERROR;
				GCC_WARN_UNDECLARED_SELECTOR = YES;
				GCC_WARN_UNINITIALIZED_AUTOS = YES_AGGRESSIVE;
				GCC_WARN_UNUSED_FUNCTION = YES;
				GCC_WARN_UNUSED_VARIABLE = YES;
				IPHONEOS_DEPLOYMENT_TARGET = 18.2;
				LOCALIZATION_PREFERS_STRING_CATALOGS = YES;
				MTL_ENABLE_DEBUG_INFO = INCLUDE_SOURCE;
				MTL_FAST_MATH = YES;
				ONLY_ACTIVE_ARCH = YES;
				SDKROOT = iphoneos;
				SWIFT_ACTIVE_COMPILATION_CONDITIONS = "DEBUG $(inherited)";
				SWIFT_OPTIMIZATION_LEVEL = "-Onone";
			};
			name = Debug;
		};
		6A172AEB2D4BB82500E221E3 /* Release */ = {
			isa = XCBuildConfiguration;
			buildSettings = {
				ALWAYS_SEARCH_USER_PATHS = NO;
				ASSETCATALOG_COMPILER_GENERATE_SWIFT_ASSET_SYMBOL_EXTENSIONS = YES;
				CLANG_ANALYZER_NONNULL = YES;
				CLANG_ANALYZER_NUMBER_OBJECT_CONVERSION = YES_AGGRESSIVE;
				CLANG_CXX_LANGUAGE_STANDARD = "gnu++20";
				CLANG_ENABLE_MODULES = YES;
				CLANG_ENABLE_OBJC_ARC = YES;
				CLANG_ENABLE_OBJC_WEAK = YES;
				CLANG_WARN_BLOCK_CAPTURE_AUTORELEASING = YES;
				CLANG_WARN_BOOL_CONVERSION = YES;
				CLANG_WARN_COMMA = YES;
				CLANG_WARN_CONSTANT_CONVERSION = YES;
				CLANG_WARN_DEPRECATED_OBJC_IMPLEMENTATIONS = YES;
				CLANG_WARN_DIRECT_OBJC_ISA_USAGE = YES_ERROR;
				CLANG_WARN_DOCUMENTATION_COMMENTS = YES;
				CLANG_WARN_EMPTY_BODY = YES;
				CLANG_WARN_ENUM_CONVERSION = YES;
				CLANG_WARN_INFINITE_RECURSION = YES;
				CLANG_WARN_INT_CONVERSION = YES;
				CLANG_WARN_NON_LITERAL_NULL_CONVERSION = YES;
				CLANG_WARN_OBJC_IMPLICIT_RETAIN_SELF = YES;
				CLANG_WARN_OBJC_LITERAL_CONVERSION = YES;
				CLANG_WARN_OBJC_ROOT_CLASS = YES_ERROR;
				CLANG_WARN_QUOTED_INCLUDE_IN_FRAMEWORK_HEADER = YES;
				CLANG_WARN_RANGE_LOOP_ANALYSIS = YES;
				CLANG_WARN_STRICT_PROTOTYPES = YES;
				CLANG_WARN_SUSPICIOUS_MOVE = YES;
				CLANG_WARN_UNGUARDED_AVAILABILITY = YES_AGGRESSIVE;
				CLANG_WARN_UNREACHABLE_CODE = YES;
				CLANG_WARN__DUPLICATE_METHOD_MATCH = YES;
				COPY_PHASE_STRIP = NO;
				DEBUG_INFORMATION_FORMAT = "dwarf-with-dsym";
				ENABLE_NS_ASSERTIONS = NO;
				ENABLE_STRICT_OBJC_MSGSEND = YES;
				ENABLE_USER_SCRIPT_SANDBOXING = YES;
				GCC_C_LANGUAGE_STANDARD = gnu17;
				GCC_NO_COMMON_BLOCKS = YES;
				GCC_WARN_64_TO_32_BIT_CONVERSION = YES;
				GCC_WARN_ABOUT_RETURN_TYPE = YES_ERROR;
				GCC_WARN_UNDECLARED_SELECTOR = YES;
				GCC_WARN_UNINITIALIZED_AUTOS = YES_AGGRESSIVE;
				GCC_WARN_UNUSED_FUNCTION = YES;
				GCC_WARN_UNUSED_VARIABLE = YES;
				IPHONEOS_DEPLOYMENT_TARGET = 18.2;
				LOCALIZATION_PREFERS_STRING_CATALOGS = YES;
				MTL_ENABLE_DEBUG_INFO = NO;
				MTL_FAST_MATH = YES;
				SDKROOT = iphoneos;
				SWIFT_COMPILATION_MODE = wholemodule;
				VALIDATE_PRODUCT = YES;
			};
			name = Release;
		};
		6A172AED2D4BB82500E221E3 /* Debug */ = {
			isa = XCBuildConfiguration;
			buildSettings = {
				BUNDLE_LOADER = "$(TEST_HOST)";
				CODE_SIGN_STYLE = Automatic;
				CURRENT_PROJECT_VERSION = 1;
				GENERATE_INFOPLIST_FILE = YES;
				IPHONEOS_DEPLOYMENT_TARGET = 18.2;
				MARKETING_VERSION = 1.0;
				PRODUCT_BUNDLE_IDENTIFIER = clc.studentRealTimeDatabaseTests;
				PRODUCT_NAME = "$(TARGET_NAME)";
				SWIFT_EMIT_LOC_STRINGS = NO;
				SWIFT_VERSION = 5.0;
				TARGETED_DEVICE_FAMILY = "1,2";
				TEST_HOST = "$(BUILT_PRODUCTS_DIR)/studentRealTimeDatabase.app/$(BUNDLE_EXECUTABLE_FOLDER_PATH)/studentRealTimeDatabase";
			};
			name = Debug;
		};
		6A172AEE2D4BB82500E221E3 /* Release */ = {
			isa = XCBuildConfiguration;
			buildSettings = {
				BUNDLE_LOADER = "$(TEST_HOST)";
				CODE_SIGN_STYLE = Automatic;
				CURRENT_PROJECT_VERSION = 1;
				GENERATE_INFOPLIST_FILE = YES;
				IPHONEOS_DEPLOYMENT_TARGET = 18.2;
				MARKETING_VERSION = 1.0;
				PRODUCT_BUNDLE_IDENTIFIER = clc.studentRealTimeDatabaseTests;
				PRODUCT_NAME = "$(TARGET_NAME)";
				SWIFT_EMIT_LOC_STRINGS = NO;
				SWIFT_VERSION = 5.0;
				TARGETED_DEVICE_FAMILY = "1,2";
				TEST_HOST = "$(BUILT_PRODUCTS_DIR)/studentRealTimeDatabase.app/$(BUNDLE_EXECUTABLE_FOLDER_PATH)/studentRealTimeDatabase";
			};
			name = Release;
		};
		6A172AF02D4BB82500E221E3 /* Debug */ = {
			isa = XCBuildConfiguration;
			buildSettings = {
				CODE_SIGN_STYLE = Automatic;
				CURRENT_PROJECT_VERSION = 1;
				GENERATE_INFOPLIST_FILE = YES;
				MARKETING_VERSION = 1.0;
				PRODUCT_BUNDLE_IDENTIFIER = clc.studentRealTimeDatabaseUITests;
				PRODUCT_NAME = "$(TARGET_NAME)";
				SWIFT_EMIT_LOC_STRINGS = NO;
				SWIFT_VERSION = 5.0;
				TARGETED_DEVICE_FAMILY = "1,2";
				TEST_TARGET_NAME = studentRealTimeDatabase;
			};
			name = Debug;
		};
		6A172AF12D4BB82500E221E3 /* Release */ = {
			isa = XCBuildConfiguration;
			buildSettings = {
				CODE_SIGN_STYLE = Automatic;
				CURRENT_PROJECT_VERSION = 1;
				GENERATE_INFOPLIST_FILE = YES;
				MARKETING_VERSION = 1.0;
				PRODUCT_BUNDLE_IDENTIFIER = clc.studentRealTimeDatabaseUITests;
				PRODUCT_NAME = "$(TARGET_NAME)";
				SWIFT_EMIT_LOC_STRINGS = NO;
				SWIFT_VERSION = 5.0;
				TARGETED_DEVICE_FAMILY = "1,2";
				TEST_TARGET_NAME = studentRealTimeDatabase;
			};
			name = Release;
		};
/* End XCBuildConfiguration section */

/* Begin XCConfigurationList section */
		6A172AB62D4BB82300E221E3 /* Build configuration list for PBXProject "studentRealTimeDatabase" */ = {
			isa = XCConfigurationList;
			buildConfigurations = (
				6A172AEA2D4BB82500E221E3 /* Debug */,
				6A172AEB2D4BB82500E221E3 /* Release */,
			);
			defaultConfigurationIsVisible = 0;
			defaultConfigurationName = Release;
		};
		6A172AE72D4BB82500E221E3 /* Build configuration list for PBXNativeTarget "studentRealTimeDatabase" */ = {
			isa = XCConfigurationList;
			buildConfigurations = (
				6A172AE82D4BB82500E221E3 /* Debug */,
				6A172AE92D4BB82500E221E3 /* Release */,
			);
			defaultConfigurationIsVisible = 0;
			defaultConfigurationName = Release;
		};
		6A172AEC2D4BB82500E221E3 /* Build configuration list for PBXNativeTarget "studentRealTimeDatabaseTests" */ = {
			isa = XCConfigurationList;
			buildConfigurations = (
				6A172AED2D4BB82500E221E3 /* Debug */,
				6A172AEE2D4BB82500E221E3 /* Release */,
			);
			defaultConfigurationIsVisible = 0;
			defaultConfigurationName = Release;
		};
		6A172AEF2D4BB82500E221E3 /* Build configuration list for PBXNativeTarget "studentRealTimeDatabaseUITests" */ = {
			isa = XCConfigurationList;
			buildConfigurations = (
				6A172AF02D4BB82500E221E3 /* Debug */,
				6A172AF12D4BB82500E221E3 /* Release */,
			);
			defaultConfigurationIsVisible = 0;
			defaultConfigurationName = Release;
		};
/* End XCConfigurationList section */

/* Begin XCRemoteSwiftPackageReference section */
		6A172AF42D4BBF2000E221E3 /* XCRemoteSwiftPackageReference "firebase-ios-sdk" */ = {
			isa = XCRemoteSwiftPackageReference;
			repositoryURL = "https://github.com/firebase/firebase-ios-sdk";
			requirement = {
				kind = upToNextMajorVersion;
				minimumVersion = 11.7.0;
			};
		};
/* End XCRemoteSwiftPackageReference section */

/* Begin XCSwiftPackageProductDependency section */
		6A172AF52D4BBF2000E221E3 /* FirebaseAuth */ = {
			isa = XCSwiftPackageProductDependency;
			package = 6A172AF42D4BBF2000E221E3 /* XCRemoteSwiftPackageReference "firebase-ios-sdk" */;
			productName = FirebaseAuth;
		};
		6A172AF72D4BBF2000E221E3 /* FirebaseDatabase */ = {
			isa = XCSwiftPackageProductDependency;
			package = 6A172AF42D4BBF2000E221E3 /* XCRemoteSwiftPackageReference "firebase-ios-sdk" */;
			productName = FirebaseDatabase;
		};
		6A172AF92D4BBF2000E221E3 /* FirebaseFirestore */ = {
			isa = XCSwiftPackageProductDependency;
			package = 6A172AF42D4BBF2000E221E3 /* XCRemoteSwiftPackageReference "firebase-ios-sdk" */;
			productName = FirebaseFirestore;
		};
/* End XCSwiftPackageProductDependency section */
	};
	rootObject = 6A172AB32D4BB82300E221E3 /* Project object */;
}
